
Microsoft Visual Studio Solution File, Format Version 12.00
# Visual Studio Version 17
VisualStudioVersion = 17.0.31919.166
MinimumVisualStudioVersion = 10.0.40219.1
Project("{2150E333-8FDC-42A3-9474-1A3956D46DE8}") = "MSTest", "MSTest", "{0AF048D1-4AC0-43D7-B361-D29E8814F8D5}"
EndProject
Project("{2150E333-8FDC-42A3-9474-1A3956D46DE8}") = "NUnit", "NUnit", "{E71C563D-0713-4C8B-B106-113276C6926E}"
EndProject
Project("{9A19103F-16F7-4668-BE54-9A1E7A4F7556}") = "DynamicSpecs.MSTest.Specs", "MSTest\DynamicSpecs.MSTest.Specs\DynamicSpecs.MSTest.Specs.csproj", "{B1DC8061-5D3D-43D7-9025-00FB31F54E65}"
EndProject
Project("{9A19103F-16F7-4668-BE54-9A1E7A4F7556}") = "DynamicSpecs.NUnit.Specs", "NUnit\DynamicSpecs.NUnit.Specs\DynamicSpecs.NUnit.Specs.csproj", "{90C9DEEE-F7B7-4068-97DA-2FFEC0DD71D5}"
EndProject
Project("{9A19103F-16F7-4668-BE54-9A1E7A4F7556}") = "DynamicSpecs.Core", "DynamicSpecs.Core\DynamicSpecs.Core.csproj", "{2EA9D7FD-9FF7-4D44-A983-FB6BD8D960BE}"
EndProject
Project("{9A19103F-16F7-4668-BE54-9A1E7A4F7556}") = "DynamicSpecs.AutoFacItEasy", "DynamicSpecs.AutoFacItEasy\DynamicSpecs.AutoFacItEasy.csproj", "{2788A8D5-E048-4686-AC03-6CF14425C896}"
EndProject
Project("{9A19103F-16F7-4668-BE54-9A1E7A4F7556}") = "DynamicSpecs.MSTest", "MSTest\DynamicSpecs.MSTest\DynamicSpecs.MSTest.csproj", "{3D37AD7E-A891-4B21-9E3F-EDB8E8CF75CC}"
EndProject
Project("{9A19103F-16F7-4668-BE54-9A1E7A4F7556}") = "DynamicSpecs.NUnit", "NUnit\DynamicSpecs.NUnit\DynamicSpecs.NUnit.csproj", "{C154DB58-B2A1-4E48-B052-7DB0BBA00AEE}"
EndProject
Global
	GlobalSection(SolutionConfigurationPlatforms) = preSolution
		Debug|Any CPU = Debug|Any CPU
		Release|Any CPU = Release|Any CPU
	EndGlobalSection
	GlobalSection(ProjectConfigurationPlatforms) = postSolution
		{B1DC8061-5D3D-43D7-9025-00FB31F54E65}.Debug|Any CPU.ActiveCfg = Debug|Any CPU
		{B1DC8061-5D3D-43D7-9025-00FB31F54E65}.Debug|Any CPU.Build.0 = Debug|Any CPU
		{B1DC8061-5D3D-43D7-9025-00FB31F54E65}.Release|Any CPU.ActiveCfg = Release|Any CPU
		{B1DC8061-5D3D-43D7-9025-00FB31F54E65}.Release|Any CPU.Build.0 = Release|Any CPU
		{90C9DEEE-F7B7-4068-97DA-2FFEC0DD71D5}.Debug|Any CPU.ActiveCfg = Debug|Any CPU
		{90C9DEEE-F7B7-4068-97DA-2FFEC0DD71D5}.Debug|Any CPU.Build.0 = Debug|Any CPU
		{90C9DEEE-F7B7-4068-97DA-2FFEC0DD71D5}.Release|Any CPU.ActiveCfg = Release|Any CPU
		{90C9DEEE-F7B7-4068-97DA-2FFEC0DD71D5}.Release|Any CPU.Build.0 = Release|Any CPU
		{2EA9D7FD-9FF7-4D44-A983-FB6BD8D960BE}.Debug|Any CPU.ActiveCfg = Debug|Any CPU
		{2EA9D7FD-9FF7-4D44-A983-FB6BD8D960BE}.Debug|Any CPU.Build.0 = Debug|Any CPU
		{2EA9D7FD-9FF7-4D44-A983-FB6BD8D960BE}.Release|Any CPU.ActiveCfg = Release|Any CPU
		{2EA9D7FD-9FF7-4D44-A983-FB6BD8D960BE}.Release|Any CPU.Build.0 = Release|Any CPU
		{2788A8D5-E048-4686-AC03-6CF14425C896}.Debug|Any CPU.ActiveCfg = Debug|Any CPU
		{2788A8D5-E048-4686-AC03-6CF14425C896}.Debug|Any CPU.Build.0 = Debug|Any CPU
		{2788A8D5-E048-4686-AC03-6CF14425C896}.Release|Any CPU.ActiveCfg = Release|Any CPU
		{2788A8D5-E048-4686-AC03-6CF14425C896}.Release|Any CPU.Build.0 = Release|Any CPU
		{3D37AD7E-A891-4B21-9E3F-EDB8E8CF75CC}.Debug|Any CPU.ActiveCfg = Debug|Any CPU
		{3D37AD7E-A891-4B21-9E3F-EDB8E8CF75CC}.Debug|Any CPU.Build.0 = Debug|Any CPU
		{3D37AD7E-A891-4B21-9E3F-EDB8E8CF75CC}.Release|Any CPU.ActiveCfg = Release|Any CPU
		{3D37AD7E-A891-4B21-9E3F-EDB8E8CF75CC}.Release|Any CPU.Build.0 = Release|Any CPU
		{C154DB58-B2A1-4E48-B052-7DB0BBA00AEE}.Debug|Any CPU.ActiveCfg = Debug|Any CPU
		{C154DB58-B2A1-4E48-B052-7DB0BBA00AEE}.Debug|Any CPU.Build.0 = Debug|Any CPU
		{C154DB58-B2A1-4E48-B052-7DB0BBA00AEE}.Release|Any CPU.ActiveCfg = Release|Any CPU
		{C154DB58-B2A1-4E48-B052-7DB0BBA00AEE}.Release|Any CPU.Build.0 = Release|Any CPU
	EndGlobalSection
	GlobalSection(SolutionProperties) = preSolution
		HideSolutionNode = FALSE
	EndGlobalSection
	GlobalSection(NestedProjects) = preSolution
		{B1DC8061-5D3D-43D7-9025-00FB31F54E65} = {0AF048D1-4AC0-43D7-B361-D29E8814F8D5}
		{90C9DEEE-F7B7-4068-97DA-2FFEC0DD71D5} = {E71C563D-0713-4C8B-B106-113276C6926E}
		{3D37AD7E-A891-4B21-9E3F-EDB8E8CF75CC} = {0AF048D1-4AC0-43D7-B361-D29E8814F8D5}
		{C154DB58-B2A1-4E48-B052-7DB0BBA00AEE} = {E71C563D-0713-4C8B-B106-113276C6926E}
	EndGlobalSection
	GlobalSection(ExtensibilityGlobals) = postSolution
		SolutionGuid = {9E5755E6-DA9D-4F2A-B29A-D359A72380A1}
	EndGlobalSection
EndGlobal
